
Microsoft Visual Studio Solution File, Format Version 12.00
# Visual Studio Version 16
VisualStudioVersion = 16.0.30011.22
MinimumVisualStudioVersion = 10.0.40219.1
Project("{FAE04EC0-301F-11D3-BF4B-00C04F79EFBC}") = "samplegit", "samplegit.csproj", "{D84E68FD-8207-426C-B73A-D985DDD5CDBA}"
EndProject
Global
	GlobalSection(SolutionConfigurationPlatforms) = preSolution
		Debug|Any CPU = Debug|Any CPU
		Release|Any CPU = Release|Any CPU
	EndGlobalSection
	GlobalSection(ProjectConfigurationPlatforms) = postSolution
		{D84E68FD-8207-426C-B73A-D985DDD5CDBA}.Debug|Any CPU.ActiveCfg = Debug|Any CPU
		{D84E68FD-8207-426C-B73A-D985DDD5CDBA}.Debug|Any CPU.Build.0 = Debug|Any CPU
		{D84E68FD-8207-426C-B73A-D985DDD5CDBA}.Release|Any CPU.ActiveCfg = Release|Any CPU
		{D84E68FD-8207-426C-B73A-D985DDD5CDBA}.Release|Any CPU.Build.0 = Release|Any CPU
	EndGlobalSection
	GlobalSection(SolutionProperties) = preSolution
		HideSolutionNode = FALSE
	EndGlobalSection
	GlobalSection(ExtensibilityGlobals) = postSolution
		SolutionGuid = {4E5E1778-D17B-4CC7-B315-E4377EF2E685}
	EndGlobalSection
EndGlobal
